
Microsoft Visual Studio Solution File, Format Version 12.00
# Visual Studio Version 17
VisualStudioVersion = 17.5.33627.172
MinimumVisualStudioVersion = 10.0.40219.1
Project("{FAE04EC0-301F-11D3-BF4B-00C04F79EFBC}") = "Elsa", "Elsa.csproj", "{15379F2F-FA09-458D-969A-3D7A3236BB27}"
EndProject
Global
	GlobalSection(SolutionConfigurationPlatforms) = preSolution
		Debug|Any CPU = Debug|Any CPU
		Release|Any CPU = Release|Any CPU
	EndGlobalSection
	GlobalSection(ProjectConfigurationPlatforms) = postSolution
		{15379F2F-FA09-458D-969A-3D7A3236BB27}.Debug|Any CPU.ActiveCfg = Debug|Any CPU
		{15379F2F-FA09-458D-969A-3D7A3236BB27}.Debug|Any CPU.Build.0 = Debug|Any CPU
		{15379F2F-FA09-458D-969A-3D7A3236BB27}.Release|Any CPU.ActiveCfg = Release|Any CPU
		{15379F2F-FA09-458D-969A-3D7A3236BB27}.Release|Any CPU.Build.0 = Release|Any CPU
	EndGlobalSection
	GlobalSection(SolutionProperties) = preSolution
		HideSolutionNode = FALSE
	EndGlobalSection
	GlobalSection(ExtensibilityGlobals) = postSolution
		SolutionGuid = {CF7124D9-C6FA-4E14-9164-BC6171FDAC25}
	EndGlobalSection
EndGlobal
